
Microsoft Visual Studio Solution File, Format Version 12.00
# Visual Studio Version 17
VisualStudioVersion = 17.11.35208.52
MinimumVisualStudioVersion = 10.0.40219.1
Project("{FAE04EC0-301F-11D3-BF4B-00C04F79EFBC}") = "UniPlanner", "UniPlanner.csproj", "{3A07148E-14F1-4FF3-BB0C-EE2A5306FDD5}"
EndProject
Global
	GlobalSection(SolutionConfigurationPlatforms) = preSolution
		Debug|Any CPU = Debug|Any CPU
		Release|Any CPU = Release|Any CPU
	EndGlobalSection
	GlobalSection(ProjectConfigurationPlatforms) = postSolution
		{3A07148E-14F1-4FF3-BB0C-EE2A5306FDD5}.Debug|Any CPU.ActiveCfg = Debug|Any CPU
		{3A07148E-14F1-4FF3-BB0C-EE2A5306FDD5}.Debug|Any CPU.Build.0 = Debug|Any CPU
		{3A07148E-14F1-4FF3-BB0C-EE2A5306FDD5}.Release|Any CPU.ActiveCfg = Release|Any CPU
		{3A07148E-14F1-4FF3-BB0C-EE2A5306FDD5}.Release|Any CPU.Build.0 = Release|Any CPU
	EndGlobalSection
	GlobalSection(SolutionProperties) = preSolution
		HideSolutionNode = FALSE
	EndGlobalSection
	GlobalSection(ExtensibilityGlobals) = postSolution
		SolutionGuid = {311B98A2-3F03-4E4D-B253-31BA3CF16064}
	EndGlobalSection
EndGlobal
