
Microsoft Visual Studio Solution File, Format Version 12.00
# Visual Studio Version 17
VisualStudioVersion = 17.9.34607.119
MinimumVisualStudioVersion = 10.0.40219.1
Project("{FAE04EC0-301F-11D3-BF4B-00C04F79EFBC}") = "UniPlanner", "UniPlanner.csproj", "{64488C41-B721-4F24-8E0B-23061263C3C0}"
EndProject
Global
	GlobalSection(SolutionConfigurationPlatforms) = preSolution
		Debug|Any CPU = Debug|Any CPU
		Release|Any CPU = Release|Any CPU
	EndGlobalSection
	GlobalSection(ProjectConfigurationPlatforms) = postSolution
		{64488C41-B721-4F24-8E0B-23061263C3C0}.Debug|Any CPU.ActiveCfg = Debug|Any CPU
		{64488C41-B721-4F24-8E0B-23061263C3C0}.Debug|Any CPU.Build.0 = Debug|Any CPU
		{64488C41-B721-4F24-8E0B-23061263C3C0}.Release|Any CPU.ActiveCfg = Release|Any CPU
		{64488C41-B721-4F24-8E0B-23061263C3C0}.Release|Any CPU.Build.0 = Release|Any CPU
	EndGlobalSection
	GlobalSection(SolutionProperties) = preSolution
		HideSolutionNode = FALSE
	EndGlobalSection
	GlobalSection(ExtensibilityGlobals) = postSolution
		SolutionGuid = {28683450-F964-413A-9348-B6C579B906E7}
	EndGlobalSection
EndGlobal
